
Microsoft Visual Studio Solution File, Format Version 12.00
# Visual Studio 15
Project("{FAE04EC0-301F-11D3-BF4B-00C04F79EFBC}") = "Assembly-CSharp", "Assembly-CSharp.csproj", "{FCB763C7-B678-20E5-A8E9-E5EF87F9BBE4}"
EndProject
Project("{FAE04EC0-301F-11D3-BF4B-00C04F79EFBC}") = "Assembly-CSharp-Editor", "Assembly-CSharp-Editor.csproj", "{4D44B703-0722-ABBE-929D-A6C6AC0DF2CE}"
EndProject
Global
	GlobalSection(SolutionConfigurationPlatforms) = preSolution
		Debug|Any CPU = Debug|Any CPU
		Release|Any CPU = Release|Any CPU
	EndGlobalSection
	GlobalSection(ProjectConfigurationPlatforms) = postSolution
		{FCB763C7-B678-20E5-A8E9-E5EF87F9BBE4}.Debug|Any CPU.ActiveCfg = Debug|Any CPU
		{FCB763C7-B678-20E5-A8E9-E5EF87F9BBE4}.Debug|Any CPU.Build.0 = Debug|Any CPU
		{FCB763C7-B678-20E5-A8E9-E5EF87F9BBE4}.Release|Any CPU.ActiveCfg = Release|Any CPU
		{FCB763C7-B678-20E5-A8E9-E5EF87F9BBE4}.Release|Any CPU.Build.0 = Release|Any CPU
		{4D44B703-0722-ABBE-929D-A6C6AC0DF2CE}.Debug|Any CPU.ActiveCfg = Debug|Any CPU
		{4D44B703-0722-ABBE-929D-A6C6AC0DF2CE}.Debug|Any CPU.Build.0 = Debug|Any CPU
		{4D44B703-0722-ABBE-929D-A6C6AC0DF2CE}.Release|Any CPU.ActiveCfg = Release|Any CPU
		{4D44B703-0722-ABBE-929D-A6C6AC0DF2CE}.Release|Any CPU.Build.0 = Release|Any CPU
	EndGlobalSection
	GlobalSection(SolutionProperties) = preSolution
		HideSolutionNode = FALSE
	EndGlobalSection
EndGlobal
